
Microsoft Visual Studio Solution File, Format Version 12.00
# Visual Studio 15
VisualStudioVersion = 15.0.26730.12
MinimumVisualStudioVersion = 10.0.40219.1
Project("{FAE04EC0-301F-11D3-BF4B-00C04F79EFBC}") = "IX.Benchmarks", "IX.Benchmarks\IX.Benchmarks.csproj", "{94797859-5AC1-4439-BD5E-F28C5A72F631}"
EndProject
Global
	GlobalSection(SolutionConfigurationPlatforms) = preSolution
		Debug|Any CPU = Debug|Any CPU
		Release|Any CPU = Release|Any CPU
	EndGlobalSection
	GlobalSection(ProjectConfigurationPlatforms) = postSolution
		{94797859-5AC1-4439-BD5E-F28C5A72F631}.Debug|Any CPU.ActiveCfg = Debug|Any CPU
		{94797859-5AC1-4439-BD5E-F28C5A72F631}.Debug|Any CPU.Build.0 = Debug|Any CPU
		{94797859-5AC1-4439-BD5E-F28C5A72F631}.Release|Any CPU.ActiveCfg = Release|Any CPU
		{94797859-5AC1-4439-BD5E-F28C5A72F631}.Release|Any CPU.Build.0 = Release|Any CPU
	EndGlobalSection
	GlobalSection(SolutionProperties) = preSolution
		HideSolutionNode = FALSE
	EndGlobalSection
	GlobalSection(ExtensibilityGlobals) = postSolution
		SolutionGuid = {AF75C4B7-298B-498A-8424-D2341981B06E}
	EndGlobalSection
EndGlobal
